
Microsoft Visual Studio Solution File, Format Version 12.00
# Visual Studio 15
Project("{FAE04EC0-301F-11D3-BF4B-00C04F79EFBC}") = "Assembly-CSharp", "Assembly-CSharp.csproj", "{37B61424-AD8F-C621-1882-CB9154BF5753}"
EndProject
Project("{FAE04EC0-301F-11D3-BF4B-00C04F79EFBC}") = "Assembly-CSharp-Editor", "Assembly-CSharp-Editor.csproj", "{EE7133B6-0905-4C0C-C946-4C1C8DE9D590}"
EndProject
Global
	GlobalSection(SolutionConfigurationPlatforms) = preSolution
		Debug|Any CPU = Debug|Any CPU
		Release|Any CPU = Release|Any CPU
	EndGlobalSection
	GlobalSection(ProjectConfigurationPlatforms) = postSolution
		{37B61424-AD8F-C621-1882-CB9154BF5753}.Debug|Any CPU.ActiveCfg = Debug|Any CPU
		{37B61424-AD8F-C621-1882-CB9154BF5753}.Debug|Any CPU.Build.0 = Debug|Any CPU
		{37B61424-AD8F-C621-1882-CB9154BF5753}.Release|Any CPU.ActiveCfg = Release|Any CPU
		{37B61424-AD8F-C621-1882-CB9154BF5753}.Release|Any CPU.Build.0 = Release|Any CPU
		{EE7133B6-0905-4C0C-C946-4C1C8DE9D590}.Debug|Any CPU.ActiveCfg = Debug|Any CPU
		{EE7133B6-0905-4C0C-C946-4C1C8DE9D590}.Debug|Any CPU.Build.0 = Debug|Any CPU
		{EE7133B6-0905-4C0C-C946-4C1C8DE9D590}.Release|Any CPU.ActiveCfg = Release|Any CPU
		{EE7133B6-0905-4C0C-C946-4C1C8DE9D590}.Release|Any CPU.Build.0 = Release|Any CPU
	EndGlobalSection
	GlobalSection(SolutionProperties) = preSolution
		HideSolutionNode = FALSE
	EndGlobalSection
EndGlobal
